
Microsoft Visual Studio Solution File, Format Version 12.00
# Visual Studio 15
VisualStudioVersion = 15.0.28010.2036
MinimumVisualStudioVersion = 10.0.40219.1
Project("{FAE04EC0-301F-11D3-BF4B-00C04F79EFBC}") = "eCommerce", "eCommerce\eCommerce.csproj", "{7A4359E3-55A8-41B4-9B3C-F83EB9BA3810}"
EndProject
Project("{FAE04EC0-301F-11D3-BF4B-00C04F79EFBC}") = "eCommerceTests", "eCommerceTests\eCommerceTests.csproj", "{FD9FD0A6-33C6-4303-A482-129B68A42F53}"
EndProject
Global
	GlobalSection(SolutionConfigurationPlatforms) = preSolution
		Debug|Any CPU = Debug|Any CPU
		Release|Any CPU = Release|Any CPU
	EndGlobalSection
	GlobalSection(ProjectConfigurationPlatforms) = postSolution
		{7A4359E3-55A8-41B4-9B3C-F83EB9BA3810}.Debug|Any CPU.ActiveCfg = Debug|Any CPU
		{7A4359E3-55A8-41B4-9B3C-F83EB9BA3810}.Debug|Any CPU.Build.0 = Debug|Any CPU
		{7A4359E3-55A8-41B4-9B3C-F83EB9BA3810}.Release|Any CPU.ActiveCfg = Release|Any CPU
		{7A4359E3-55A8-41B4-9B3C-F83EB9BA3810}.Release|Any CPU.Build.0 = Release|Any CPU
		{FD9FD0A6-33C6-4303-A482-129B68A42F53}.Debug|Any CPU.ActiveCfg = Debug|Any CPU
		{FD9FD0A6-33C6-4303-A482-129B68A42F53}.Debug|Any CPU.Build.0 = Debug|Any CPU
		{FD9FD0A6-33C6-4303-A482-129B68A42F53}.Release|Any CPU.ActiveCfg = Release|Any CPU
		{FD9FD0A6-33C6-4303-A482-129B68A42F53}.Release|Any CPU.Build.0 = Release|Any CPU
	EndGlobalSection
	GlobalSection(SolutionProperties) = preSolution
		HideSolutionNode = FALSE
	EndGlobalSection
	GlobalSection(ExtensibilityGlobals) = postSolution
		SolutionGuid = {D84F56CD-C912-4488-AB4C-D28351CE0E8D}
	EndGlobalSection
EndGlobal
